// !$*UTF8*$!
{
	archiveVersion = 1;
	classes = {
	};
	objectVersion = 55;
	objects = {

/* Begin PBXBuildFile section */
		552D37C77AC4DAC187A22F33 /* Pods_SamsungHealth_iOS.framework in Frameworks */ = {isa = PBXBuildFile; fileRef = 033109FC38DEDBE2060F5464 /* Pods_SamsungHealth_iOS.framework */; };
		98484F03282F8B1600D670B8 /* AppDelegate.swift in Sources */ = {isa = PBXBuildFile; fileRef = 98484F02282F8B1600D670B8 /* AppDelegate.swift */; };
		98484F05282F8B1600D670B8 /* SceneDelegate.swift in Sources */ = {isa = PBXBuildFile; fileRef = 98484F04282F8B1600D670B8 /* SceneDelegate.swift */; };
		98484F0A282F8B1600D670B8 /* Main.storyboard in Resources */ = {isa = PBXBuildFile; fileRef = 98484F08282F8B1600D670B8 /* Main.storyboard */; };
		98484F0C282F8B1B00D670B8 /* Assets.xcassets in Resources */ = {isa = PBXBuildFile; fileRef = 98484F0B282F8B1B00D670B8 /* Assets.xcassets */; };
		98484F0F282F8B1B00D670B8 /* LaunchScreen.storyboard in Resources */ = {isa = PBXBuildFile; fileRef = 98484F0D282F8B1B00D670B8 /* LaunchScreen.storyboard */; };
		98484F39282F8F5B00D670B8 /* Const.swift in Sources */ = {isa = PBXBuildFile; fileRef = 98484F38282F8F5B00D670B8 /* Const.swift */; };
		98484F3D282F8F9400D670B8 /* BabyHome.storyboard in Resources */ = {isa = PBXBuildFile; fileRef = 98484F3C282F8F9400D670B8 /* BabyHome.storyboard */; };
		98484F3F282F8FA500D670B8 /* BabyHomeViewController+Network.swift in Sources */ = {isa = PBXBuildFile; fileRef = 98484F3E282F8FA500D670B8 /* BabyHomeViewController+Network.swift */; };
		98484F42282F901800D670B8 /* BabyDummyCollectionViewCell.swift in Sources */ = {isa = PBXBuildFile; fileRef = 98484F40282F901800D670B8 /* BabyDummyCollectionViewCell.swift */; };
		98484F43282F901800D670B8 /* BabyDummyCollectionViewCell.xib in Resources */ = {isa = PBXBuildFile; fileRef = 98484F41282F901800D670B8 /* BabyDummyCollectionViewCell.xib */; };
		98484F45282F902700D670B8 /* BabyWeight.storyboard in Resources */ = {isa = PBXBuildFile; fileRef = 98484F44282F902700D670B8 /* BabyWeight.storyboard */; };
		98484F47282F903400D670B8 /* BabyWeightViewController+Network.swift in Sources */ = {isa = PBXBuildFile; fileRef = 98484F46282F903400D670B8 /* BabyWeightViewController+Network.swift */; };
		98484F4A282F903F00D670B8 /* BabyDummyWeightCollectionViewCell.swift in Sources */ = {isa = PBXBuildFile; fileRef = 98484F48282F903F00D670B8 /* BabyDummyWeightCollectionViewCell.swift */; };
		98484F4B282F903F00D670B8 /* BabyDummyWeightCollectionViewCell.xib in Resources */ = {isa = PBXBuildFile; fileRef = 98484F49282F903F00D670B8 /* BabyDummyWeightCollectionViewCell.xib */; };
		98484F4D282F913000D670B8 /* BabyHomeViewController.swift in Sources */ = {isa = PBXBuildFile; fileRef = 98484F4C282F913000D670B8 /* BabyHomeViewController.swift */; };
		98484F4F282F913B00D670B8 /* BabyWeightViewController.swift in Sources */ = {isa = PBXBuildFile; fileRef = 98484F4E282F913B00D670B8 /* BabyWeightViewController.swift */; };
		98484F55282F91CD00D670B8 /* YinHome.storyboard in Resources */ = {isa = PBXBuildFile; fileRef = 98484F54282F91CD00D670B8 /* YinHome.storyboard */; };
		98484F57282F91E500D670B8 /* YinHomeViewController.swift in Sources */ = {isa = PBXBuildFile; fileRef = 98484F56282F91E500D670B8 /* YinHomeViewController.swift */; };
		98484F5A282F91FC00D670B8 /* YinHomeDummyCollectionViewCell.swift in Sources */ = {isa = PBXBuildFile; fileRef = 98484F58282F91FC00D670B8 /* YinHomeDummyCollectionViewCell.swift */; };
		98484F5B282F91FC00D670B8 /* YinHomeDummyCollectionViewCell.xib in Resources */ = {isa = PBXBuildFile; fileRef = 98484F59282F91FC00D670B8 /* YinHomeDummyCollectionViewCell.xib */; };
		98484F5D282F920700D670B8 /* YinHomeViewController+Network.swift in Sources */ = {isa = PBXBuildFile; fileRef = 98484F5C282F920700D670B8 /* YinHomeViewController+Network.swift */; };
		98484F5F282F921200D670B8 /* YinWeight.storyboard in Resources */ = {isa = PBXBuildFile; fileRef = 98484F5E282F921200D670B8 /* YinWeight.storyboard */; };
		98484F61282F921E00D670B8 /* YinWeightViewController.swift in Sources */ = {isa = PBXBuildFile; fileRef = 98484F60282F921E00D670B8 /* YinWeightViewController.swift */; };
		98484F64282F923100D670B8 /* YinWeightDummyCollectionViewCell.swift in Sources */ = {isa = PBXBuildFile; fileRef = 98484F62282F923100D670B8 /* YinWeightDummyCollectionViewCell.swift */; };
		98484F65282F923100D670B8 /* YinWeightDummyCollectionViewCell.xib in Resources */ = {isa = PBXBuildFile; fileRef = 98484F63282F923100D670B8 /* YinWeightDummyCollectionViewCell.xib */; };
		98484F67282F923C00D670B8 /* YinWeightViewController+Network.swift in Sources */ = {isa = PBXBuildFile; fileRef = 98484F66282F923C00D670B8 /* YinWeightViewController+Network.swift */; };
		98484F71282F927C00D670B8 /* KmHome.storyboard in Resources */ = {isa = PBXBuildFile; fileRef = 98484F70282F927C00D670B8 /* KmHome.storyboard */; };
		98484F73282F928600D670B8 /* KmHomeViewController.swift in Sources */ = {isa = PBXBuildFile; fileRef = 98484F72282F928600D670B8 /* KmHomeViewController.swift */; };
		98484F76282F929E00D670B8 /* KmHomeDummyCollectionViewCell.swift in Sources */ = {isa = PBXBuildFile; fileRef = 98484F74282F929E00D670B8 /* KmHomeDummyCollectionViewCell.swift */; };
		98484F77282F929E00D670B8 /* KmHomeDummyCollectionViewCell.xib in Resources */ = {isa = PBXBuildFile; fileRef = 98484F75282F929E00D670B8 /* KmHomeDummyCollectionViewCell.xib */; };
		98484F79282F92AB00D670B8 /* KmHomeViewController+Network.swift in Sources */ = {isa = PBXBuildFile; fileRef = 98484F78282F92AB00D670B8 /* KmHomeViewController+Network.swift */; };
		98484F7B282F92B400D670B8 /* KmWeight.storyboard in Resources */ = {isa = PBXBuildFile; fileRef = 98484F7A282F92B400D670B8 /* KmWeight.storyboard */; };
		98484F7D282F92C000D670B8 /* KmWeightViewController.swift in Sources */ = {isa = PBXBuildFile; fileRef = 98484F7C282F92C000D670B8 /* KmWeightViewController.swift */; };
		98484F80282F92D200D670B8 /* KmWeightDummyCollectionViewCell.swift in Sources */ = {isa = PBXBuildFile; fileRef = 98484F7E282F92D200D670B8 /* KmWeightDummyCollectionViewCell.swift */; };
		98484F81282F92D200D670B8 /* KmWeightDummyCollectionViewCell.xib in Resources */ = {isa = PBXBuildFile; fileRef = 98484F7F282F92D200D670B8 /* KmWeightDummyCollectionViewCell.xib */; };
		98484F83282F92DC00D670B8 /* KmWeightViewController+Network.swift in Sources */ = {isa = PBXBuildFile; fileRef = 98484F82282F92DC00D670B8 /* KmWeightViewController+Network.swift */; };
		98484F89282F943800D670B8 /* UIFont+.swift in Sources */ = {isa = PBXBuildFile; fileRef = 98484F88282F943800D670B8 /* UIFont+.swift */; };
		98484F8D2830A54300D670B8 /* ViewController.swift in Sources */ = {isa = PBXBuildFile; fileRef = 98484F8C2830A54300D670B8 /* ViewController.swift */; };
		98484F8F2830A54900D670B8 /* Storyboard.swift in Sources */ = {isa = PBXBuildFile; fileRef = 98484F8E2830A54900D670B8 /* Storyboard.swift */; };
		98484F912830A6F100D670B8 /* Image.swift in Sources */ = {isa = PBXBuildFile; fileRef = 98484F902830A6F100D670B8 /* Image.swift */; };
		98484F982830AFBA00D670B8 /* BaseTargetType.swift in Sources */ = {isa = PBXBuildFile; fileRef = 98484F972830AFBA00D670B8 /* BaseTargetType.swift */; };
		98484F9A2830AFCE00D670B8 /* GeneralResponse.swift in Sources */ = {isa = PBXBuildFile; fileRef = 98484F992830AFCE00D670B8 /* GeneralResponse.swift */; };
		98484F9C2830AFF100D670B8 /* MoyaLoggingPlugin.swift in Sources */ = {isa = PBXBuildFile; fileRef = 98484F9B2830AFF100D670B8 /* MoyaLoggingPlugin.swift */; };
		98484F9E2830B00400D670B8 /* NetworkBase.swift in Sources */ = {isa = PBXBuildFile; fileRef = 98484F9D2830B00400D670B8 /* NetworkBase.swift */; };
		98484FA02830B03E00D670B8 /* NetworkConstant.swift in Sources */ = {isa = PBXBuildFile; fileRef = 98484F9F2830B03E00D670B8 /* NetworkConstant.swift */; };
		98484FA22830B06500D670B8 /* NetworkResult.swift in Sources */ = {isa = PBXBuildFile; fileRef = 98484FA12830B06500D670B8 /* NetworkResult.swift */; };
		98484FA42830B08A00D670B8 /* URLConstant.swift in Sources */ = {isa = PBXBuildFile; fileRef = 98484FA32830B08A00D670B8 /* URLConstant.swift */; };
		98D25B762830B6F30030C2D1 /* Colors.xcassets in Resources */ = {isa = PBXBuildFile; fileRef = 98D25B752830B6F30030C2D1 /* Colors.xcassets */; };
		98D25B782830B7440030C2D1 /* UIColor+.swift in Sources */ = {isa = PBXBuildFile; fileRef = 98D25B772830B7440030C2D1 /* UIColor+.swift */; };
/* End PBXBuildFile section */

/* Begin PBXFileReference section */
		033109FC38DEDBE2060F5464 /* Pods_SamsungHealth_iOS.framework */ = {isa = PBXFileReference; explicitFileType = wrapper.framework; includeInIndex = 0; path = Pods_SamsungHealth_iOS.framework; sourceTree = BUILT_PRODUCTS_DIR; };
		98484EFF282F8B1600D670B8 /* SamsungHealth-iOS.app */ = {isa = PBXFileReference; explicitFileType = wrapper.application; includeInIndex = 0; path = "SamsungHealth-iOS.app"; sourceTree = BUILT_PRODUCTS_DIR; };
		98484F02282F8B1600D670B8 /* AppDelegate.swift */ = {isa = PBXFileReference; lastKnownFileType = sourcecode.swift; path = AppDelegate.swift; sourceTree = "<group>"; };
		98484F04282F8B1600D670B8 /* SceneDelegate.swift */ = {isa = PBXFileReference; lastKnownFileType = sourcecode.swift; path = SceneDelegate.swift; sourceTree = "<group>"; };
		98484F09282F8B1600D670B8 /* Base */ = {isa = PBXFileReference; lastKnownFileType = file.storyboard; name = Base; path = Base.lproj/Main.storyboard; sourceTree = "<group>"; };
		98484F0B282F8B1B00D670B8 /* Assets.xcassets */ = {isa = PBXFileReference; lastKnownFileType = folder.assetcatalog; path = Assets.xcassets; sourceTree = "<group>"; };
		98484F0E282F8B1B00D670B8 /* Base */ = {isa = PBXFileReference; lastKnownFileType = file.storyboard; name = Base; path = Base.lproj/LaunchScreen.storyboard; sourceTree = "<group>"; };
		98484F10282F8B1B00D670B8 /* Info.plist */ = {isa = PBXFileReference; lastKnownFileType = text.plist.xml; path = Info.plist; sourceTree = "<group>"; };
		98484F38282F8F5B00D670B8 /* Const.swift */ = {isa = PBXFileReference; lastKnownFileType = sourcecode.swift; path = Const.swift; sourceTree = "<group>"; };
		98484F3C282F8F9400D670B8 /* BabyHome.storyboard */ = {isa = PBXFileReference; lastKnownFileType = file.storyboard; path = BabyHome.storyboard; sourceTree = "<group>"; };
		98484F3E282F8FA500D670B8 /* BabyHomeViewController+Network.swift */ = {isa = PBXFileReference; lastKnownFileType = sourcecode.swift; path = "BabyHomeViewController+Network.swift"; sourceTree = "<group>"; };
		98484F40282F901800D670B8 /* BabyDummyCollectionViewCell.swift */ = {isa = PBXFileReference; lastKnownFileType = sourcecode.swift; path = BabyDummyCollectionViewCell.swift; sourceTree = "<group>"; };
		98484F41282F901800D670B8 /* BabyDummyCollectionViewCell.xib */ = {isa = PBXFileReference; lastKnownFileType = file.xib; path = BabyDummyCollectionViewCell.xib; sourceTree = "<group>"; };
		98484F44282F902700D670B8 /* BabyWeight.storyboard */ = {isa = PBXFileReference; lastKnownFileType = file.storyboard; path = BabyWeight.storyboard; sourceTree = "<group>"; };
		98484F46282F903400D670B8 /* BabyWeightViewController+Network.swift */ = {isa = PBXFileReference; lastKnownFileType = sourcecode.swift; path = "BabyWeightViewController+Network.swift"; sourceTree = "<group>"; };
		98484F48282F903F00D670B8 /* BabyDummyWeightCollectionViewCell.swift */ = {isa = PBXFileReference; lastKnownFileType = sourcecode.swift; path = BabyDummyWeightCollectionViewCell.swift; sourceTree = "<group>"; };
		98484F49282F903F00D670B8 /* BabyDummyWeightCollectionViewCell.xib */ = {isa = PBXFileReference; lastKnownFileType = file.xib; path = BabyDummyWeightCollectionViewCell.xib; sourceTree = "<group>"; };
		98484F4C282F913000D670B8 /* BabyHomeViewController.swift */ = {isa = PBXFileReference; lastKnownFileType = sourcecode.swift; path = BabyHomeViewController.swift; sourceTree = "<group>"; };
		98484F4E282F913B00D670B8 /* BabyWeightViewController.swift */ = {isa = PBXFileReference; lastKnownFileType = sourcecode.swift; path = BabyWeightViewController.swift; sourceTree = "<group>"; };
		98484F54282F91CD00D670B8 /* YinHome.storyboard */ = {isa = PBXFileReference; lastKnownFileType = file.storyboard; path = YinHome.storyboard; sourceTree = "<group>"; };
		98484F56282F91E500D670B8 /* YinHomeViewController.swift */ = {isa = PBXFileReference; lastKnownFileType = sourcecode.swift; path = YinHomeViewController.swift; sourceTree = "<group>"; };
		98484F58282F91FC00D670B8 /* YinHomeDummyCollectionViewCell.swift */ = {isa = PBXFileReference; lastKnownFileType = sourcecode.swift; path = YinHomeDummyCollectionViewCell.swift; sourceTree = "<group>"; };
		98484F59282F91FC00D670B8 /* YinHomeDummyCollectionViewCell.xib */ = {isa = PBXFileReference; lastKnownFileType = file.xib; path = YinHomeDummyCollectionViewCell.xib; sourceTree = "<group>"; };
		98484F5C282F920700D670B8 /* YinHomeViewController+Network.swift */ = {isa = PBXFileReference; lastKnownFileType = sourcecode.swift; path = "YinHomeViewController+Network.swift"; sourceTree = "<group>"; };
		98484F5E282F921200D670B8 /* YinWeight.storyboard */ = {isa = PBXFileReference; lastKnownFileType = file.storyboard; path = YinWeight.storyboard; sourceTree = "<group>"; };
		98484F60282F921E00D670B8 /* YinWeightViewController.swift */ = {isa = PBXFileReference; lastKnownFileType = sourcecode.swift; path = YinWeightViewController.swift; sourceTree = "<group>"; };
		98484F62282F923100D670B8 /* YinWeightDummyCollectionViewCell.swift */ = {isa = PBXFileReference; lastKnownFileType = sourcecode.swift; path = YinWeightDummyCollectionViewCell.swift; sourceTree = "<group>"; };
		98484F63282F923100D670B8 /* YinWeightDummyCollectionViewCell.xib */ = {isa = PBXFileReference; lastKnownFileType = file.xib; path = YinWeightDummyCollectionViewCell.xib; sourceTree = "<group>"; };
		98484F66282F923C00D670B8 /* YinWeightViewController+Network.swift */ = {isa = PBXFileReference; lastKnownFileType = sourcecode.swift; path = "YinWeightViewController+Network.swift"; sourceTree = "<group>"; };
		98484F70282F927C00D670B8 /* KmHome.storyboard */ = {isa = PBXFileReference; lastKnownFileType = file.storyboard; path = KmHome.storyboard; sourceTree = "<group>"; };
		98484F72282F928600D670B8 /* KmHomeViewController.swift */ = {isa = PBXFileReference; lastKnownFileType = sourcecode.swift; path = KmHomeViewController.swift; sourceTree = "<group>"; };
		98484F74282F929E00D670B8 /* KmHomeDummyCollectionViewCell.swift */ = {isa = PBXFileReference; lastKnownFileType = sourcecode.swift; path = KmHomeDummyCollectionViewCell.swift; sourceTree = "<group>"; };
		98484F75282F929E00D670B8 /* KmHomeDummyCollectionViewCell.xib */ = {isa = PBXFileReference; lastKnownFileType = file.xib; path = KmHomeDummyCollectionViewCell.xib; sourceTree = "<group>"; };
		98484F78282F92AB00D670B8 /* KmHomeViewController+Network.swift */ = {isa = PBXFileReference; lastKnownFileType = sourcecode.swift; path = "KmHomeViewController+Network.swift"; sourceTree = "<group>"; };
		98484F7A282F92B400D670B8 /* KmWeight.storyboard */ = {isa = PBXFileReference; lastKnownFileType = file.storyboard; path = KmWeight.storyboard; sourceTree = "<group>"; };
		98484F7C282F92C000D670B8 /* KmWeightViewController.swift */ = {isa = PBXFileReference; lastKnownFileType = sourcecode.swift; path = KmWeightViewController.swift; sourceTree = "<group>"; };
		98484F7E282F92D200D670B8 /* KmWeightDummyCollectionViewCell.swift */ = {isa = PBXFileReference; lastKnownFileType = sourcecode.swift; path = KmWeightDummyCollectionViewCell.swift; sourceTree = "<group>"; };
		98484F7F282F92D200D670B8 /* KmWeightDummyCollectionViewCell.xib */ = {isa = PBXFileReference; lastKnownFileType = file.xib; path = KmWeightDummyCollectionViewCell.xib; sourceTree = "<group>"; };
		98484F82282F92DC00D670B8 /* KmWeightViewController+Network.swift */ = {isa = PBXFileReference; lastKnownFileType = sourcecode.swift; path = "KmWeightViewController+Network.swift"; sourceTree = "<group>"; };
		98484F85282F940000D670B8 /* NotoSans-Regular.ttf */ = {isa = PBXFileReference; lastKnownFileType = file; path = "NotoSans-Regular.ttf"; sourceTree = "<group>"; };
		98484F86282F940700D670B8 /* NotoSans-Bold.ttf */ = {isa = PBXFileReference; lastKnownFileType = file; path = "NotoSans-Bold.ttf"; sourceTree = "<group>"; };
		98484F87282F940F00D670B8 /* NotoSans-Medium.ttf */ = {isa = PBXFileReference; lastKnownFileType = file; path = "NotoSans-Medium.ttf"; sourceTree = "<group>"; };
		98484F88282F943800D670B8 /* UIFont+.swift */ = {isa = PBXFileReference; lastKnownFileType = sourcecode.swift; path = "UIFont+.swift"; sourceTree = "<group>"; };
		98484F8C2830A54300D670B8 /* ViewController.swift */ = {isa = PBXFileReference; lastKnownFileType = sourcecode.swift; path = ViewController.swift; sourceTree = "<group>"; };
		98484F8E2830A54900D670B8 /* Storyboard.swift */ = {isa = PBXFileReference; lastKnownFileType = sourcecode.swift; path = Storyboard.swift; sourceTree = "<group>"; };
		98484F902830A6F100D670B8 /* Image.swift */ = {isa = PBXFileReference; lastKnownFileType = sourcecode.swift; path = Image.swift; sourceTree = "<group>"; };
		98484F972830AFBA00D670B8 /* BaseTargetType.swift */ = {isa = PBXFileReference; lastKnownFileType = sourcecode.swift; path = BaseTargetType.swift; sourceTree = "<group>"; };
		98484F992830AFCE00D670B8 /* GeneralResponse.swift */ = {isa = PBXFileReference; lastKnownFileType = sourcecode.swift; path = GeneralResponse.swift; sourceTree = "<group>"; };
		98484F9B2830AFF100D670B8 /* MoyaLoggingPlugin.swift */ = {isa = PBXFileReference; lastKnownFileType = sourcecode.swift; path = MoyaLoggingPlugin.swift; sourceTree = "<group>"; };
		98484F9D2830B00400D670B8 /* NetworkBase.swift */ = {isa = PBXFileReference; lastKnownFileType = sourcecode.swift; path = NetworkBase.swift; sourceTree = "<group>"; };
		98484F9F2830B03E00D670B8 /* NetworkConstant.swift */ = {isa = PBXFileReference; lastKnownFileType = sourcecode.swift; path = NetworkConstant.swift; sourceTree = "<group>"; };
		98484FA12830B06500D670B8 /* NetworkResult.swift */ = {isa = PBXFileReference; lastKnownFileType = sourcecode.swift; path = NetworkResult.swift; sourceTree = "<group>"; };
		98484FA32830B08A00D670B8 /* URLConstant.swift */ = {isa = PBXFileReference; lastKnownFileType = sourcecode.swift; path = URLConstant.swift; sourceTree = "<group>"; };
		98D25B752830B6F30030C2D1 /* Colors.xcassets */ = {isa = PBXFileReference; lastKnownFileType = folder.assetcatalog; path = Colors.xcassets; sourceTree = "<group>"; };
		98D25B772830B7440030C2D1 /* UIColor+.swift */ = {isa = PBXFileReference; lastKnownFileType = sourcecode.swift; path = "UIColor+.swift"; sourceTree = "<group>"; };
		C932CDDFDBAC295AEBE74D20 /* Pods-SamsungHealth-iOS.debug.xcconfig */ = {isa = PBXFileReference; includeInIndex = 1; lastKnownFileType = text.xcconfig; name = "Pods-SamsungHealth-iOS.debug.xcconfig"; path = "Target Support Files/Pods-SamsungHealth-iOS/Pods-SamsungHealth-iOS.debug.xcconfig"; sourceTree = "<group>"; };
		DCD77963D8091FC46DD7CF2E /* Pods-SamsungHealth-iOS.release.xcconfig */ = {isa = PBXFileReference; includeInIndex = 1; lastKnownFileType = text.xcconfig; name = "Pods-SamsungHealth-iOS.release.xcconfig"; path = "Target Support Files/Pods-SamsungHealth-iOS/Pods-SamsungHealth-iOS.release.xcconfig"; sourceTree = "<group>"; };
/* End PBXFileReference section */

/* Begin PBXFrameworksBuildPhase section */
		98484EFC282F8B1600D670B8 /* Frameworks */ = {
			isa = PBXFrameworksBuildPhase;
			buildActionMask = 2147483647;
			files = (
				552D37C77AC4DAC187A22F33 /* Pods_SamsungHealth_iOS.framework in Frameworks */,
			);
			runOnlyForDeploymentPostprocessing = 0;
		};
/* End PBXFrameworksBuildPhase section */

/* Begin PBXGroup section */
		0FE3E99CEE0564840677A439 /* Pods */ = {
			isa = PBXGroup;
			children = (
				C932CDDFDBAC295AEBE74D20 /* Pods-SamsungHealth-iOS.debug.xcconfig */,
				DCD77963D8091FC46DD7CF2E /* Pods-SamsungHealth-iOS.release.xcconfig */,
			);
			path = Pods;
			sourceTree = "<group>";
		};
		4CA8049D520560273362EAD5 /* Frameworks */ = {
			isa = PBXGroup;
			children = (
				033109FC38DEDBE2060F5464 /* Pods_SamsungHealth_iOS.framework */,
			);
			name = Frameworks;
			sourceTree = "<group>";
		};
		98484EF6282F8B1600D670B8 = {
			isa = PBXGroup;
			children = (
				98484F01282F8B1600D670B8 /* SamsungHealth-iOS */,
				98484F00282F8B1600D670B8 /* Products */,
				0FE3E99CEE0564840677A439 /* Pods */,
				4CA8049D520560273362EAD5 /* Frameworks */,
			);
			sourceTree = "<group>";
		};
		98484F00282F8B1600D670B8 /* Products */ = {
			isa = PBXGroup;
			children = (
				98484EFF282F8B1600D670B8 /* SamsungHealth-iOS.app */,
			);
			name = Products;
			sourceTree = "<group>";
		};
		98484F01282F8B1600D670B8 /* SamsungHealth-iOS */ = {
			isa = PBXGroup;
			children = (
				98484F1F282F8D9400D670B8 /* Network */,
				98484F1E282F8D8600D670B8 /* Configuration */,
				98484F24282F8E7B00D670B8 /* Helpers */,
				98484F1D282F8D2200D670B8 /* Scene(baby) */,
				98484F1C282F8D1D00D670B8 /* Scene(yi) */,
				98484F1B282F8CFA00D670B8 /* Scene(km) */,
				98484F08282F8B1600D670B8 /* Main.storyboard */,
				98484F10282F8B1B00D670B8 /* Info.plist */,
			);
			path = "SamsungHealth-iOS";
			sourceTree = "<group>";
		};
		98484F1B282F8CFA00D670B8 /* Scene(km) */ = {
			isa = PBXGroup;
			children = (
				98484F27282F8E9700D670B8 /* Home */,
				98484F35282F8F2B00D670B8 /* Weight */,
			);
			path = "Scene(km)";
			sourceTree = "<group>";
		};
		98484F1C282F8D1D00D670B8 /* Scene(yi) */ = {
			isa = PBXGroup;
			children = (
				98484F26282F8E9400D670B8 /* Home */,
				98484F32282F8EFB00D670B8 /* Weight */,
			);
			path = "Scene(yi)";
			sourceTree = "<group>";
		};
		98484F1D282F8D2200D670B8 /* Scene(baby) */ = {
			isa = PBXGroup;
			children = (
				98484F25282F8E8700D670B8 /* Home */,
				98484F2F282F8EDC00D670B8 /* Weight */,
			);
			path = "Scene(baby)";
			sourceTree = "<group>";
		};
		98484F1E282F8D8600D670B8 /* Configuration */ = {
			isa = PBXGroup;
			children = (
				98484F20282F8D9C00D670B8 /* Supports */,
				98484F21282F8DA800D670B8 /* Resources */,
				98484F22282F8E3600D670B8 /* Constants */,
			);
			path = Configuration;
			sourceTree = "<group>";
		};
		98484F1F282F8D9400D670B8 /* Network */ = {
			isa = PBXGroup;
			children = (
				98484F942830AF7A00D670B8 /* Base */,
			);
			path = Network;
			sourceTree = "<group>";
		};
		98484F20282F8D9C00D670B8 /* Supports */ = {
			isa = PBXGroup;
			children = (
				98484F0D282F8B1B00D670B8 /* LaunchScreen.storyboard */,
				98484F02282F8B1600D670B8 /* AppDelegate.swift */,
				98484F04282F8B1600D670B8 /* SceneDelegate.swift */,
			);
			path = Supports;
			sourceTree = "<group>";
		};
		98484F21282F8DA800D670B8 /* Resources */ = {
			isa = PBXGroup;
			children = (
				98484F84282F93F600D670B8 /* Font */,
				98484F0B282F8B1B00D670B8 /* Assets.xcassets */,
				98D25B752830B6F30030C2D1 /* Colors.xcassets */,
			);
			path = Resources;
			sourceTree = "<group>";
		};
		98484F22282F8E3600D670B8 /* Constants */ = {
			isa = PBXGroup;
			children = (
				98484F38282F8F5B00D670B8 /* Const.swift */,
				98484F902830A6F100D670B8 /* Image.swift */,
				98484F8E2830A54900D670B8 /* Storyboard.swift */,
				98484F8C2830A54300D670B8 /* ViewController.swift */,
			);
			path = Constants;
			sourceTree = "<group>";
		};
		98484F23282F8E4800D670B8 /* AppExtensions */ = {
			isa = PBXGroup;
			children = (
				98484F88282F943800D670B8 /* UIFont+.swift */,
				98D25B772830B7440030C2D1 /* UIColor+.swift */,
			);
			path = AppExtensions;
			sourceTree = "<group>";
		};
		98484F24282F8E7B00D670B8 /* Helpers */ = {
			isa = PBXGroup;
			children = (
				98484F23282F8E4800D670B8 /* AppExtensions */,
			);
			path = Helpers;
			sourceTree = "<group>";
		};
		98484F25282F8E8700D670B8 /* Home */ = {
			isa = PBXGroup;
			children = (
				98484F29282F8EA000D670B8 /* Extension */,
				98484F28282F8E9D00D670B8 /* Cell */,
				98484F3C282F8F9400D670B8 /* BabyHome.storyboard */,
				98484F4C282F913000D670B8 /* BabyHomeViewController.swift */,
			);
			path = Home;
			sourceTree = "<group>";
		};
		98484F26282F8E9400D670B8 /* Home */ = {
			isa = PBXGroup;
			children = (
				98484F2B282F8EAC00D670B8 /* Extension */,
				98484F2A282F8EA700D670B8 /* Cell */,
				98484F54282F91CD00D670B8 /* YinHome.storyboard */,
				98484F56282F91E500D670B8 /* YinHomeViewController.swift */,
			);
			path = Home;
			sourceTree = "<group>";
		};
		98484F27282F8E9700D670B8 /* Home */ = {
			isa = PBXGroup;
			children = (
				98484F2D282F8EB200D670B8 /* Extension */,
				98484F2C282F8EB000D670B8 /* Cell */,
				98484F70282F927C00D670B8 /* KmHome.storyboard */,
				98484F72282F928600D670B8 /* KmHomeViewController.swift */,
			);
			path = Home;
			sourceTree = "<group>";
		};
		98484F28282F8E9D00D670B8 /* Cell */ = {
			isa = PBXGroup;
			children = (
				98484F40282F901800D670B8 /* BabyDummyCollectionViewCell.swift */,
				98484F41282F901800D670B8 /* BabyDummyCollectionViewCell.xib */,
			);
			path = Cell;
			sourceTree = "<group>";
		};
		98484F29282F8EA000D670B8 /* Extension */ = {
			isa = PBXGroup;
			children = (
				98484F3E282F8FA500D670B8 /* BabyHomeViewController+Network.swift */,
			);
			path = Extension;
			sourceTree = "<group>";
		};
		98484F2A282F8EA700D670B8 /* Cell */ = {
			isa = PBXGroup;
			children = (
				98484F58282F91FC00D670B8 /* YinHomeDummyCollectionViewCell.swift */,
				98484F59282F91FC00D670B8 /* YinHomeDummyCollectionViewCell.xib */,
			);
			path = Cell;
			sourceTree = "<group>";
		};
		98484F2B282F8EAC00D670B8 /* Extension */ = {
			isa = PBXGroup;
			children = (
				98484F5C282F920700D670B8 /* YinHomeViewController+Network.swift */,
			);
			path = Extension;
			sourceTree = "<group>";
		};
		98484F2C282F8EB000D670B8 /* Cell */ = {
			isa = PBXGroup;
			children = (
				98484F74282F929E00D670B8 /* KmHomeDummyCollectionViewCell.swift */,
				98484F75282F929E00D670B8 /* KmHomeDummyCollectionViewCell.xib */,
			);
			path = Cell;
			sourceTree = "<group>";
		};
		98484F2D282F8EB200D670B8 /* Extension */ = {
			isa = PBXGroup;
			children = (
				98484F78282F92AB00D670B8 /* KmHomeViewController+Network.swift */,
			);
			path = Extension;
			sourceTree = "<group>";
		};
		98484F2F282F8EDC00D670B8 /* Weight */ = {
			isa = PBXGroup;
			children = (
				98484F31282F8EF100D670B8 /* Extension */,
				98484F30282F8EEE00D670B8 /* Cell */,
				98484F44282F902700D670B8 /* BabyWeight.storyboard */,
				98484F4E282F913B00D670B8 /* BabyWeightViewController.swift */,
			);
			path = Weight;
			sourceTree = "<group>";
		};
		98484F30282F8EEE00D670B8 /* Cell */ = {
			isa = PBXGroup;
			children = (
				98484F48282F903F00D670B8 /* BabyDummyWeightCollectionViewCell.swift */,
				98484F49282F903F00D670B8 /* BabyDummyWeightCollectionViewCell.xib */,
			);
			path = Cell;
			sourceTree = "<group>";
		};
		98484F31282F8EF100D670B8 /* Extension */ = {
			isa = PBXGroup;
			children = (
				98484F46282F903400D670B8 /* BabyWeightViewController+Network.swift */,
			);
			path = Extension;
			sourceTree = "<group>";
		};
		98484F32282F8EFB00D670B8 /* Weight */ = {
			isa = PBXGroup;
			children = (
				98484F34282F8F0F00D670B8 /* Extension */,
				98484F33282F8F0B00D670B8 /* Cell */,
				98484F5E282F921200D670B8 /* YinWeight.storyboard */,
				98484F60282F921E00D670B8 /* YinWeightViewController.swift */,
			);
			path = Weight;
			sourceTree = "<group>";
		};
		98484F33282F8F0B00D670B8 /* Cell */ = {
			isa = PBXGroup;
			children = (
				98484F62282F923100D670B8 /* YinWeightDummyCollectionViewCell.swift */,
				98484F63282F923100D670B8 /* YinWeightDummyCollectionViewCell.xib */,
			);
			path = Cell;
			sourceTree = "<group>";
		};
		98484F34282F8F0F00D670B8 /* Extension */ = {
			isa = PBXGroup;
			children = (
				98484F66282F923C00D670B8 /* YinWeightViewController+Network.swift */,
			);
			path = Extension;
			sourceTree = "<group>";
		};
		98484F35282F8F2B00D670B8 /* Weight */ = {
			isa = PBXGroup;
			children = (
				98484F37282F8F3300D670B8 /* Extension */,
				98484F36282F8F2F00D670B8 /* Cell */,
				98484F7A282F92B400D670B8 /* KmWeight.storyboard */,
				98484F7C282F92C000D670B8 /* KmWeightViewController.swift */,
			);
			path = Weight;
			sourceTree = "<group>";
		};
		98484F36282F8F2F00D670B8 /* Cell */ = {
			isa = PBXGroup;
			children = (
				98484F7E282F92D200D670B8 /* KmWeightDummyCollectionViewCell.swift */,
				98484F7F282F92D200D670B8 /* KmWeightDummyCollectionViewCell.xib */,
			);
			path = Cell;
			sourceTree = "<group>";
		};
		98484F37282F8F3300D670B8 /* Extension */ = {
			isa = PBXGroup;
			children = (
				98484F82282F92DC00D670B8 /* KmWeightViewController+Network.swift */,
			);
			path = Extension;
			sourceTree = "<group>";
		};
		98484F84282F93F600D670B8 /* Font */ = {
			isa = PBXGroup;
			children = (
				98484F87282F940F00D670B8 /* NotoSans-Medium.ttf */,
				98484F86282F940700D670B8 /* NotoSans-Bold.ttf */,
				98484F85282F940000D670B8 /* NotoSans-Regular.ttf */,
			);
			path = Font;
			sourceTree = "<group>";
		};
		98484F942830AF7A00D670B8 /* Base */ = {
			isa = PBXGroup;
			children = (
				98484F972830AFBA00D670B8 /* BaseTargetType.swift */,
				98484F992830AFCE00D670B8 /* GeneralResponse.swift */,
				98484F9B2830AFF100D670B8 /* MoyaLoggingPlugin.swift */,
				98484F9D2830B00400D670B8 /* NetworkBase.swift */,
				98484F9F2830B03E00D670B8 /* NetworkConstant.swift */,
				98484FA12830B06500D670B8 /* NetworkResult.swift */,
				98484FA32830B08A00D670B8 /* URLConstant.swift */,
			);
			path = Base;
			sourceTree = "<group>";
		};
/* End PBXGroup section */

/* Begin PBXNativeTarget section */
		98484EFE282F8B1600D670B8 /* SamsungHealth-iOS */ = {
			isa = PBXNativeTarget;
			buildConfigurationList = 98484F13282F8B1B00D670B8 /* Build configuration list for PBXNativeTarget "SamsungHealth-iOS" */;
			buildPhases = (
				4703FFBD3063B9DBBAB7B2D5 /* [CP] Check Pods Manifest.lock */,
				98484EFB282F8B1600D670B8 /* Sources */,
				98484EFC282F8B1600D670B8 /* Frameworks */,
				98484EFD282F8B1600D670B8 /* Resources */,
				F32C5209F62926F4BA91A901 /* [CP] Embed Pods Frameworks */,
			);
			buildRules = (
			);
			dependencies = (
			);
			name = "SamsungHealth-iOS";
			productName = "SamsungHealth-iOS";
			productReference = 98484EFF282F8B1600D670B8 /* SamsungHealth-iOS.app */;
			productType = "com.apple.product-type.application";
		};
/* End PBXNativeTarget section */

/* Begin PBXProject section */
		98484EF7282F8B1600D670B8 /* Project object */ = {
			isa = PBXProject;
			attributes = {
				BuildIndependentTargetsInParallel = 1;
				LastSwiftUpdateCheck = 1330;
				LastUpgradeCheck = 1330;
				TargetAttributes = {
					98484EFE282F8B1600D670B8 = {
						CreatedOnToolsVersion = 13.3.1;
					};
				};
			};
			buildConfigurationList = 98484EFA282F8B1600D670B8 /* Build configuration list for PBXProject "SamsungHealth-iOS" */;
			compatibilityVersion = "Xcode 13.0";
			developmentRegion = en;
			hasScannedForEncodings = 0;
			knownRegions = (
				en,
				Base,
			);
			mainGroup = 98484EF6282F8B1600D670B8;
			productRefGroup = 98484F00282F8B1600D670B8 /* Products */;
			projectDirPath = "";
			projectRoot = "";
			targets = (
				98484EFE282F8B1600D670B8 /* SamsungHealth-iOS */,
			);
		};
/* End PBXProject section */

/* Begin PBXResourcesBuildPhase section */
		98484EFD282F8B1600D670B8 /* Resources */ = {
			isa = PBXResourcesBuildPhase;
			buildActionMask = 2147483647;
			files = (
				98484F77282F929E00D670B8 /* KmHomeDummyCollectionViewCell.xib in Resources */,
				98484F5F282F921200D670B8 /* YinWeight.storyboard in Resources */,
				98484F45282F902700D670B8 /* BabyWeight.storyboard in Resources */,
				98484F0F282F8B1B00D670B8 /* LaunchScreen.storyboard in Resources */,
				98484F3D282F8F9400D670B8 /* BabyHome.storyboard in Resources */,
				98484F81282F92D200D670B8 /* KmWeightDummyCollectionViewCell.xib in Resources */,
				98484F65282F923100D670B8 /* YinWeightDummyCollectionViewCell.xib in Resources */,
				98484F4B282F903F00D670B8 /* BabyDummyWeightCollectionViewCell.xib in Resources */,
				98484F55282F91CD00D670B8 /* YinHome.storyboard in Resources */,
				98484F7B282F92B400D670B8 /* KmWeight.storyboard in Resources */,
				98D25B762830B6F30030C2D1 /* Colors.xcassets in Resources */,
				98484F5B282F91FC00D670B8 /* YinHomeDummyCollectionViewCell.xib in Resources */,
				98484F0C282F8B1B00D670B8 /* Assets.xcassets in Resources */,
				98484F71282F927C00D670B8 /* KmHome.storyboard in Resources */,
				98484F43282F901800D670B8 /* BabyDummyCollectionViewCell.xib in Resources */,
				98484F0A282F8B1600D670B8 /* Main.storyboard in Resources */,
			);
			runOnlyForDeploymentPostprocessing = 0;
		};
/* End PBXResourcesBuildPhase section */

/* Begin PBXShellScriptBuildPhase section */
		4703FFBD3063B9DBBAB7B2D5 /* [CP] Check Pods Manifest.lock */ = {
			isa = PBXShellScriptBuildPhase;
			buildActionMask = 2147483647;
			files = (
			);
			inputFileListPaths = (
			);
			inputPaths = (
				"${PODS_PODFILE_DIR_PATH}/Podfile.lock",
				"${PODS_ROOT}/Manifest.lock",
			);
			name = "[CP] Check Pods Manifest.lock";
			outputFileListPaths = (
			);
			outputPaths = (
				"$(DERIVED_FILE_DIR)/Pods-SamsungHealth-iOS-checkManifestLockResult.txt",
			);
			runOnlyForDeploymentPostprocessing = 0;
			shellPath = /bin/sh;
			shellScript = "diff \"${PODS_PODFILE_DIR_PATH}/Podfile.lock\" \"${PODS_ROOT}/Manifest.lock\" > /dev/null\nif [ $? != 0 ] ; then\n    # print error to STDERR\n    echo \"error: The sandbox is not in sync with the Podfile.lock. Run 'pod install' or update your CocoaPods installation.\" >&2\n    exit 1\nfi\n# This output is used by Xcode 'outputs' to avoid re-running this script phase.\necho \"SUCCESS\" > \"${SCRIPT_OUTPUT_FILE_0}\"\n";
			showEnvVarsInLog = 0;
		};
		F32C5209F62926F4BA91A901 /* [CP] Embed Pods Frameworks */ = {
			isa = PBXShellScriptBuildPhase;
			buildActionMask = 2147483647;
			files = (
			);
			inputFileListPaths = (
				"${PODS_ROOT}/Target Support Files/Pods-SamsungHealth-iOS/Pods-SamsungHealth-iOS-frameworks-${CONFIGURATION}-input-files.xcfilelist",
			);
			name = "[CP] Embed Pods Frameworks";
			outputFileListPaths = (
				"${PODS_ROOT}/Target Support Files/Pods-SamsungHealth-iOS/Pods-SamsungHealth-iOS-frameworks-${CONFIGURATION}-output-files.xcfilelist",
			);
			runOnlyForDeploymentPostprocessing = 0;
			shellPath = /bin/sh;
			shellScript = "\"${PODS_ROOT}/Target Support Files/Pods-SamsungHealth-iOS/Pods-SamsungHealth-iOS-frameworks.sh\"\n";
			showEnvVarsInLog = 0;
		};
/* End PBXShellScriptBuildPhase section */

/* Begin PBXSourcesBuildPhase section */
		98484EFB282F8B1600D670B8 /* Sources */ = {
			isa = PBXSourcesBuildPhase;
			buildActionMask = 2147483647;
			files = (
				98484F89282F943800D670B8 /* UIFont+.swift in Sources */,
				98484F912830A6F100D670B8 /* Image.swift in Sources */,
				98484F982830AFBA00D670B8 /* BaseTargetType.swift in Sources */,
				98484FA22830B06500D670B8 /* NetworkResult.swift in Sources */,
				98484F83282F92DC00D670B8 /* KmWeightViewController+Network.swift in Sources */,
				98484F9A2830AFCE00D670B8 /* GeneralResponse.swift in Sources */,
				98484F03282F8B1600D670B8 /* AppDelegate.swift in Sources */,
				98484F9E2830B00400D670B8 /* NetworkBase.swift in Sources */,
				98484F57282F91E500D670B8 /* YinHomeViewController.swift in Sources */,
				98484F4D282F913000D670B8 /* BabyHomeViewController.swift in Sources */,
				98484F79282F92AB00D670B8 /* KmHomeViewController+Network.swift in Sources */,
				98484F4F282F913B00D670B8 /* BabyWeightViewController.swift in Sources */,
				98484F05282F8B1600D670B8 /* SceneDelegate.swift in Sources */,
				98484F76282F929E00D670B8 /* KmHomeDummyCollectionViewCell.swift in Sources */,
				98D25B782830B7440030C2D1 /* UIColor+.swift in Sources */,
				98484FA42830B08A00D670B8 /* URLConstant.swift in Sources */,
				98484F5A282F91FC00D670B8 /* YinHomeDummyCollectionViewCell.swift in Sources */,
				98484F80282F92D200D670B8 /* KmWeightDummyCollectionViewCell.swift in Sources */,
				98484F4A282F903F00D670B8 /* BabyDummyWeightCollectionViewCell.swift in Sources */,
				98484F67282F923C00D670B8 /* YinWeightViewController+Network.swift in Sources */,
				98484F7D282F92C000D670B8 /* KmWeightViewController.swift in Sources */,
				98484F47282F903400D670B8 /* BabyWeightViewController+Network.swift in Sources */,
				98484F73282F928600D670B8 /* KmHomeViewController.swift in Sources */,
				98484F61282F921E00D670B8 /* YinWeightViewController.swift in Sources */,
				98484F8D2830A54300D670B8 /* ViewController.swift in Sources */,
				98484FA02830B03E00D670B8 /* NetworkConstant.swift in Sources */,
				98484F39282F8F5B00D670B8 /* Const.swift in Sources */,
				98484F64282F923100D670B8 /* YinWeightDummyCollectionViewCell.swift in Sources */,
				98484F8F2830A54900D670B8 /* Storyboard.swift in Sources */,
				98484F5D282F920700D670B8 /* YinHomeViewController+Network.swift in Sources */,
				98484F3F282F8FA500D670B8 /* BabyHomeViewController+Network.swift in Sources */,
				98484F9C2830AFF100D670B8 /* MoyaLoggingPlugin.swift in Sources */,
				98484F42282F901800D670B8 /* BabyDummyCollectionViewCell.swift in Sources */,
			);
			runOnlyForDeploymentPostprocessing = 0;
		};
/* End PBXSourcesBuildPhase section */

/* Begin PBXVariantGroup section */
		98484F08282F8B1600D670B8 /* Main.storyboard */ = {
			isa = PBXVariantGroup;
			children = (
				98484F09282F8B1600D670B8 /* Base */,
			);
			name = Main.storyboard;
			sourceTree = "<group>";
		};
		98484F0D282F8B1B00D670B8 /* LaunchScreen.storyboard */ = {
			isa = PBXVariantGroup;
			children = (
				98484F0E282F8B1B00D670B8 /* Base */,
			);
			name = LaunchScreen.storyboard;
			sourceTree = "<group>";
		};
/* End PBXVariantGroup section */

/* Begin XCBuildConfiguration section */
		98484F11282F8B1B00D670B8 /* Debug */ = {
			isa = XCBuildConfiguration;
			buildSettings = {
				ALWAYS_SEARCH_USER_PATHS = NO;
				CLANG_ANALYZER_NONNULL = YES;
				CLANG_ANALYZER_NUMBER_OBJECT_CONVERSION = YES_AGGRESSIVE;
				CLANG_CXX_LANGUAGE_STANDARD = "gnu++17";
				CLANG_ENABLE_MODULES = YES;
				CLANG_ENABLE_OBJC_ARC = YES;
				CLANG_ENABLE_OBJC_WEAK = YES;
				CLANG_WARN_BLOCK_CAPTURE_AUTORELEASING = YES;
				CLANG_WARN_BOOL_CONVERSION = YES;
				CLANG_WARN_COMMA = YES;
				CLANG_WARN_CONSTANT_CONVERSION = YES;
				CLANG_WARN_DEPRECATED_OBJC_IMPLEMENTATIONS = YES;
				CLANG_WARN_DIRECT_OBJC_ISA_USAGE = YES_ERROR;
				CLANG_WARN_DOCUMENTATION_COMMENTS = YES;
				CLANG_WARN_EMPTY_BODY = YES;
				CLANG_WARN_ENUM_CONVERSION = YES;
				CLANG_WARN_INFINITE_RECURSION = YES;
				CLANG_WARN_INT_CONVERSION = YES;
				CLANG_WARN_NON_LITERAL_NULL_CONVERSION = YES;
				CLANG_WARN_OBJC_IMPLICIT_RETAIN_SELF = YES;
				CLANG_WARN_OBJC_LITERAL_CONVERSION = YES;
				CLANG_WARN_OBJC_ROOT_CLASS = YES_ERROR;
				CLANG_WARN_QUOTED_INCLUDE_IN_FRAMEWORK_HEADER = YES;
				CLANG_WARN_RANGE_LOOP_ANALYSIS = YES;
				CLANG_WARN_STRICT_PROTOTYPES = YES;
				CLANG_WARN_SUSPICIOUS_MOVE = YES;
				CLANG_WARN_UNGUARDED_AVAILABILITY = YES_AGGRESSIVE;
				CLANG_WARN_UNREACHABLE_CODE = YES;
				CLANG_WARN__DUPLICATE_METHOD_MATCH = YES;
				COPY_PHASE_STRIP = NO;
				DEBUG_INFORMATION_FORMAT = dwarf;
				ENABLE_STRICT_OBJC_MSGSEND = YES;
				ENABLE_TESTABILITY = YES;
				GCC_C_LANGUAGE_STANDARD = gnu11;
				GCC_DYNAMIC_NO_PIC = NO;
				GCC_NO_COMMON_BLOCKS = YES;
				GCC_OPTIMIZATION_LEVEL = 0;
				GCC_PREPROCESSOR_DEFINITIONS = (
					"DEBUG=1",
					"$(inherited)",
				);
				GCC_WARN_64_TO_32_BIT_CONVERSION = YES;
				GCC_WARN_ABOUT_RETURN_TYPE = YES_ERROR;
				GCC_WARN_UNDECLARED_SELECTOR = YES;
				GCC_WARN_UNINITIALIZED_AUTOS = YES_AGGRESSIVE;
				GCC_WARN_UNUSED_FUNCTION = YES;
				GCC_WARN_UNUSED_VARIABLE = YES;
				IPHONEOS_DEPLOYMENT_TARGET = 15.4;
				MTL_ENABLE_DEBUG_INFO = INCLUDE_SOURCE;
				MTL_FAST_MATH = YES;
				ONLY_ACTIVE_ARCH = YES;
				SDKROOT = iphoneos;
				SWIFT_ACTIVE_COMPILATION_CONDITIONS = DEBUG;
				SWIFT_OPTIMIZATION_LEVEL = "-Onone";
			};
			name = Debug;
		};
		98484F12282F8B1B00D670B8 /* Release */ = {
			isa = XCBuildConfiguration;
			buildSettings = {
				ALWAYS_SEARCH_USER_PATHS = NO;
				CLANG_ANALYZER_NONNULL = YES;
				CLANG_ANALYZER_NUMBER_OBJECT_CONVERSION = YES_AGGRESSIVE;
				CLANG_CXX_LANGUAGE_STANDARD = "gnu++17";
				CLANG_ENABLE_MODULES = YES;
				CLANG_ENABLE_OBJC_ARC = YES;
				CLANG_ENABLE_OBJC_WEAK = YES;
				CLANG_WARN_BLOCK_CAPTURE_AUTORELEASING = YES;
				CLANG_WARN_BOOL_CONVERSION = YES;
				CLANG_WARN_COMMA = YES;
				CLANG_WARN_CONSTANT_CONVERSION = YES;
				CLANG_WARN_DEPRECATED_OBJC_IMPLEMENTATIONS = YES;
				CLANG_WARN_DIRECT_OBJC_ISA_USAGE = YES_ERROR;
				CLANG_WARN_DOCUMENTATION_COMMENTS = YES;
				CLANG_WARN_EMPTY_BODY = YES;
				CLANG_WARN_ENUM_CONVERSION = YES;
				CLANG_WARN_INFINITE_RECURSION = YES;
				CLANG_WARN_INT_CONVERSION = YES;
				CLANG_WARN_NON_LITERAL_NULL_CONVERSION = YES;
				CLANG_WARN_OBJC_IMPLICIT_RETAIN_SELF = YES;
				CLANG_WARN_OBJC_LITERAL_CONVERSION = YES;
				CLANG_WARN_OBJC_ROOT_CLASS = YES_ERROR;
				CLANG_WARN_QUOTED_INCLUDE_IN_FRAMEWORK_HEADER = YES;
				CLANG_WARN_RANGE_LOOP_ANALYSIS = YES;
				CLANG_WARN_STRICT_PROTOTYPES = YES;
				CLANG_WARN_SUSPICIOUS_MOVE = YES;
				CLANG_WARN_UNGUARDED_AVAILABILITY = YES_AGGRESSIVE;
				CLANG_WARN_UNREACHABLE_CODE = YES;
				CLANG_WARN__DUPLICATE_METHOD_MATCH = YES;
				COPY_PHASE_STRIP = NO;
				DEBUG_INFORMATION_FORMAT = "dwarf-with-dsym";
				ENABLE_NS_ASSERTIONS = NO;
				ENABLE_STRICT_OBJC_MSGSEND = YES;
				GCC_C_LANGUAGE_STANDARD = gnu11;
				GCC_NO_COMMON_BLOCKS = YES;
				GCC_WARN_64_TO_32_BIT_CONVERSION = YES;
				GCC_WARN_ABOUT_RETURN_TYPE = YES_ERROR;
				GCC_WARN_UNDECLARED_SELECTOR = YES;
				GCC_WARN_UNINITIALIZED_AUTOS = YES_AGGRESSIVE;
				GCC_WARN_UNUSED_FUNCTION = YES;
				GCC_WARN_UNUSED_VARIABLE = YES;
				IPHONEOS_DEPLOYMENT_TARGET = 15.4;
				MTL_ENABLE_DEBUG_INFO = NO;
				MTL_FAST_MATH = YES;
				SDKROOT = iphoneos;
				SWIFT_COMPILATION_MODE = wholemodule;
				SWIFT_OPTIMIZATION_LEVEL = "-O";
				VALIDATE_PRODUCT = YES;
			};
			name = Release;
		};
		98484F14282F8B1B00D670B8 /* Debug */ = {
			isa = XCBuildConfiguration;
			baseConfigurationReference = C932CDDFDBAC295AEBE74D20 /* Pods-SamsungHealth-iOS.debug.xcconfig */;
			buildSettings = {
				ASSETCATALOG_COMPILER_APPICON_NAME = AppIcon;
				ASSETCATALOG_COMPILER_GLOBAL_ACCENT_COLOR_NAME = AccentColor;
				CODE_SIGN_STYLE = Automatic;
				CURRENT_PROJECT_VERSION = 1;
				DEVELOPMENT_TEAM = 8NF6HGMH4B;
				GENERATE_INFOPLIST_FILE = YES;
				INFOPLIST_FILE = "SamsungHealth-iOS/Info.plist";
				INFOPLIST_KEY_UIApplicationSupportsIndirectInputEvents = YES;
				INFOPLIST_KEY_UILaunchStoryboardName = LaunchScreen;
				INFOPLIST_KEY_UIMainStoryboardFile = Main;
				INFOPLIST_KEY_UISupportedInterfaceOrientations_iPad = "UIInterfaceOrientationPortrait UIInterfaceOrientationPortraitUpsideDown UIInterfaceOrientationLandscapeLeft UIInterfaceOrientationLandscapeRight";
				INFOPLIST_KEY_UISupportedInterfaceOrientations_iPhone = "UIInterfaceOrientationPortrait UIInterfaceOrientationLandscapeLeft UIInterfaceOrientationLandscapeRight";
				LD_RUNPATH_SEARCH_PATHS = (
					"$(inherited)",
					"@executable_path/Frameworks",
				);
				MARKETING_VERSION = 1.0;
				PRODUCT_BUNDLE_IDENTIFIER = "meenyweeny.SamsungHealth-iOS";
				PRODUCT_NAME = "$(TARGET_NAME)";
				SWIFT_EMIT_LOC_STRINGS = YES;
				SWIFT_VERSION = 5.0;
				TARGETED_DEVICE_FAMILY = "1,2";
			};
			name = Debug;
		};
		98484F15282F8B1B00D670B8 /* Release */ = {
			isa = XCBuildConfiguration;
			baseConfigurationReference = DCD77963D8091FC46DD7CF2E /* Pods-SamsungHealth-iOS.release.xcconfig */;
			buildSettings = {
				ASSETCATALOG_COMPILER_APPICON_NAME = AppIcon;
				ASSETCATALOG_COMPILER_GLOBAL_ACCENT_COLOR_NAME = AccentColor;
				CODE_SIGN_STYLE = Automatic;
				CURRENT_PROJECT_VERSION = 1;
				DEVELOPMENT_TEAM = 8NF6HGMH4B;
				GENERATE_INFOPLIST_FILE = YES;
				INFOPLIST_FILE = "SamsungHealth-iOS/Info.plist";
				INFOPLIST_KEY_UIApplicationSupportsIndirectInputEvents = YES;
				INFOPLIST_KEY_UILaunchStoryboardName = LaunchScreen;
				INFOPLIST_KEY_UIMainStoryboardFile = Main;
				INFOPLIST_KEY_UISupportedInterfaceOrientations_iPad = "UIInterfaceOrientationPortrait UIInterfaceOrientationPortraitUpsideDown UIInterfaceOrientationLandscapeLeft UIInterfaceOrientationLandscapeRight";
				INFOPLIST_KEY_UISupportedInterfaceOrientations_iPhone = "UIInterfaceOrientationPortrait UIInterfaceOrientationLandscapeLeft UIInterfaceOrientationLandscapeRight";
				LD_RUNPATH_SEARCH_PATHS = (
					"$(inherited)",
					"@executable_path/Frameworks",
				);
				MARKETING_VERSION = 1.0;
				PRODUCT_BUNDLE_IDENTIFIER = "meenyweeny.SamsungHealth-iOS";
				PRODUCT_NAME = "$(TARGET_NAME)";
				SWIFT_EMIT_LOC_STRINGS = YES;
				SWIFT_VERSION = 5.0;
				TARGETED_DEVICE_FAMILY = "1,2";
			};
			name = Release;
		};
/* End XCBuildConfiguration section */

/* Begin XCConfigurationList section */
		98484EFA282F8B1600D670B8 /* Build configuration list for PBXProject "SamsungHealth-iOS" */ = {
			isa = XCConfigurationList;
			buildConfigurations = (
				98484F11282F8B1B00D670B8 /* Debug */,
				98484F12282F8B1B00D670B8 /* Release */,
			);
			defaultConfigurationIsVisible = 0;
			defaultConfigurationName = Release;
		};
		98484F13282F8B1B00D670B8 /* Build configuration list for PBXNativeTarget "SamsungHealth-iOS" */ = {
			isa = XCConfigurationList;
			buildConfigurations = (
				98484F14282F8B1B00D670B8 /* Debug */,
				98484F15282F8B1B00D670B8 /* Release */,
			);
			defaultConfigurationIsVisible = 0;
			defaultConfigurationName = Release;
		};
/* End XCConfigurationList section */
	};
	rootObject = 98484EF7282F8B1600D670B8 /* Project object */;
}
